
Microsoft Visual Studio Solution File, Format Version 12.00
# Visual Studio 2013
VisualStudioVersion = 12.0.21005.1
MinimumVisualStudioVersion = 10.0.40219.1
Project("{2150E333-8FDC-42A3-9474-1A3956D46DE8}") = "Work", "Work", "{69E0B03C-B1FE-47E2-BFFD-5B9474BED386}"
EndProject
Project("{FAE04EC0-301F-11D3-BF4B-00C04F79EFBC}") = "NuGet.Services.Platform", "src\NuGet.Services.Platform\NuGet.Services.Platform.csproj", "{EF86883E-A1B4-4052-9222-51A01C6C41CD}"
EndProject
Project("{FAE04EC0-301F-11D3-BF4B-00C04F79EFBC}") = "NuGet.Services.Platform.Facts", "src\NuGet.Services.Platform.Facts\NuGet.Services.Platform.Facts.csproj", "{304B7FDA-3111-4670-9E77-4E5F20C89A8C}"
EndProject
Project("{00D1A9C2-B5F0-4AF3-8072-F6C62B433612}") = "NuGet.Services.Work.Database", "src\Work\NuGet.Services.Work.Database\NuGet.Services.Work.Database.sqlproj", "{A8B0845E-CF36-4ADB-B641-CA8542202878}"
EndProject
Project("{FAE04EC0-301F-11D3-BF4B-00C04F79EFBC}") = "NuGet.Services.Work", "src\Work\NuGet.Services.Work\NuGet.Services.Work.csproj", "{7F92C174-5310-4090-A6A3-3CC7C67C19D6}"
EndProject
Project("{FAE04EC0-301F-11D3-BF4B-00C04F79EFBC}") = "NuGet.Services.Work.Facts", "src\Work\NuGet.Services.Work.Facts\NuGet.Services.Work.Facts.csproj", "{4405C24C-7F57-4826-831F-D5D7E139F02E}"
EndProject
Project("{CC5FD16D-436D-48AD-A40C-5A424C6E3E79}") = "NuGet.Services.Work.Cloud", "src\Work\NuGet.Services.Work.Cloud\NuGet.Services.Work.Cloud.ccproj", "{1D0164B6-92D4-455A-AC68-C30B61733748}"
EndProject
Project("{FAE04EC0-301F-11D3-BF4B-00C04F79EFBC}") = "NuGet.Services.Work.Client", "src\Work\NuGet.Services.Work.Client\NuGet.Services.Work.Client.csproj", "{19324B97-1C22-49E2-8C1A-E4EAB682A974}"
EndProject
Project("{FAE04EC0-301F-11D3-BF4B-00C04F79EFBC}") = "NuGet.Services.Platform.Client", "src\NuGet.Services.Platform.Client\NuGet.Services.Platform.Client.csproj", "{3BE823F7-53AA-4263-A953-06BF643F0E43}"
EndProject
Project("{FAE04EC0-301F-11D3-BF4B-00C04F79EFBC}") = "NuCmd", "src\NuCmd\NuCmd.csproj", "{9752C50D-2DDE-4DC3-8A06-A01EC68FEDC0}"
EndProject
Project("{FAE04EC0-301F-11D3-BF4B-00C04F79EFBC}") = "NuGet.Services.Operations", "src\NuGet.Services.Operations\NuGet.Services.Operations.csproj", "{FDFE3B54-1587-4AD2-BED6-7F2A38F906BA}"
EndProject
Project("{2150E333-8FDC-42A3-9474-1A3956D46DE8}") = "Warehouse", "Warehouse", "{1A52CBEE-2B81-4E59-A51F-481DDE07FC15}"
EndProject
Project("{00D1A9C2-B5F0-4AF3-8072-F6C62B433612}") = "NuGet.Services.Warehouse.Database", "src\Warehouse\NuGet.Services.Warehouse.Database\NuGet.Services.Warehouse.Database.sqlproj", "{B96D3CE6-7017-4CA9-9925-27D91B7C607C}"
EndProject
Global
	GlobalSection(SolutionConfigurationPlatforms) = preSolution
		Debug|Any CPU = Debug|Any CPU
		Debug|x64 = Debug|x64
		Debug|x86 = Debug|x86
		Release|Any CPU = Release|Any CPU
		Release|x64 = Release|x64
		Release|x86 = Release|x86
	EndGlobalSection
	GlobalSection(ProjectConfigurationPlatforms) = postSolution
		{EF86883E-A1B4-4052-9222-51A01C6C41CD}.Debug|Any CPU.ActiveCfg = Debug|Any CPU
		{EF86883E-A1B4-4052-9222-51A01C6C41CD}.Debug|Any CPU.Build.0 = Debug|Any CPU
		{EF86883E-A1B4-4052-9222-51A01C6C41CD}.Debug|x64.ActiveCfg = Debug|Any CPU
		{EF86883E-A1B4-4052-9222-51A01C6C41CD}.Debug|x64.Build.0 = Debug|Any CPU
		{EF86883E-A1B4-4052-9222-51A01C6C41CD}.Debug|x86.ActiveCfg = Debug|Any CPU
		{EF86883E-A1B4-4052-9222-51A01C6C41CD}.Debug|x86.Build.0 = Debug|Any CPU
		{EF86883E-A1B4-4052-9222-51A01C6C41CD}.Release|Any CPU.ActiveCfg = Release|Any CPU
		{EF86883E-A1B4-4052-9222-51A01C6C41CD}.Release|Any CPU.Build.0 = Release|Any CPU
		{EF86883E-A1B4-4052-9222-51A01C6C41CD}.Release|x64.ActiveCfg = Release|Any CPU
		{EF86883E-A1B4-4052-9222-51A01C6C41CD}.Release|x64.Build.0 = Release|Any CPU
		{EF86883E-A1B4-4052-9222-51A01C6C41CD}.Release|x86.ActiveCfg = Release|Any CPU
		{EF86883E-A1B4-4052-9222-51A01C6C41CD}.Release|x86.Build.0 = Release|Any CPU
		{304B7FDA-3111-4670-9E77-4E5F20C89A8C}.Debug|Any CPU.ActiveCfg = Debug|Any CPU
		{304B7FDA-3111-4670-9E77-4E5F20C89A8C}.Debug|Any CPU.Build.0 = Debug|Any CPU
		{304B7FDA-3111-4670-9E77-4E5F20C89A8C}.Debug|x64.ActiveCfg = Debug|Any CPU
		{304B7FDA-3111-4670-9E77-4E5F20C89A8C}.Debug|x64.Build.0 = Debug|Any CPU
		{304B7FDA-3111-4670-9E77-4E5F20C89A8C}.Debug|x86.ActiveCfg = Debug|Any CPU
		{304B7FDA-3111-4670-9E77-4E5F20C89A8C}.Debug|x86.Build.0 = Debug|Any CPU
		{304B7FDA-3111-4670-9E77-4E5F20C89A8C}.Release|Any CPU.ActiveCfg = Release|Any CPU
		{304B7FDA-3111-4670-9E77-4E5F20C89A8C}.Release|Any CPU.Build.0 = Release|Any CPU
		{304B7FDA-3111-4670-9E77-4E5F20C89A8C}.Release|x64.ActiveCfg = Release|Any CPU
		{304B7FDA-3111-4670-9E77-4E5F20C89A8C}.Release|x64.Build.0 = Release|Any CPU
		{304B7FDA-3111-4670-9E77-4E5F20C89A8C}.Release|x86.ActiveCfg = Release|Any CPU
		{304B7FDA-3111-4670-9E77-4E5F20C89A8C}.Release|x86.Build.0 = Release|Any CPU
		{A8B0845E-CF36-4ADB-B641-CA8542202878}.Debug|Any CPU.ActiveCfg = Debug|Any CPU
		{A8B0845E-CF36-4ADB-B641-CA8542202878}.Debug|Any CPU.Build.0 = Debug|Any CPU
		{A8B0845E-CF36-4ADB-B641-CA8542202878}.Debug|Any CPU.Deploy.0 = Debug|Any CPU
		{A8B0845E-CF36-4ADB-B641-CA8542202878}.Debug|x64.ActiveCfg = Debug|Any CPU
		{A8B0845E-CF36-4ADB-B641-CA8542202878}.Debug|x64.Build.0 = Debug|Any CPU
		{A8B0845E-CF36-4ADB-B641-CA8542202878}.Debug|x64.Deploy.0 = Debug|Any CPU
		{A8B0845E-CF36-4ADB-B641-CA8542202878}.Debug|x86.ActiveCfg = Debug|Any CPU
		{A8B0845E-CF36-4ADB-B641-CA8542202878}.Debug|x86.Build.0 = Debug|Any CPU
		{A8B0845E-CF36-4ADB-B641-CA8542202878}.Debug|x86.Deploy.0 = Debug|Any CPU
		{A8B0845E-CF36-4ADB-B641-CA8542202878}.Release|Any CPU.ActiveCfg = Release|Any CPU
		{A8B0845E-CF36-4ADB-B641-CA8542202878}.Release|Any CPU.Build.0 = Release|Any CPU
		{A8B0845E-CF36-4ADB-B641-CA8542202878}.Release|Any CPU.Deploy.0 = Release|Any CPU
		{A8B0845E-CF36-4ADB-B641-CA8542202878}.Release|x64.ActiveCfg = Release|Any CPU
		{A8B0845E-CF36-4ADB-B641-CA8542202878}.Release|x64.Build.0 = Release|Any CPU
		{A8B0845E-CF36-4ADB-B641-CA8542202878}.Release|x64.Deploy.0 = Release|Any CPU
		{A8B0845E-CF36-4ADB-B641-CA8542202878}.Release|x86.ActiveCfg = Release|Any CPU
		{A8B0845E-CF36-4ADB-B641-CA8542202878}.Release|x86.Build.0 = Release|Any CPU
		{A8B0845E-CF36-4ADB-B641-CA8542202878}.Release|x86.Deploy.0 = Release|Any CPU
		{7F92C174-5310-4090-A6A3-3CC7C67C19D6}.Debug|Any CPU.ActiveCfg = Debug|Any CPU
		{7F92C174-5310-4090-A6A3-3CC7C67C19D6}.Debug|Any CPU.Build.0 = Debug|Any CPU
		{7F92C174-5310-4090-A6A3-3CC7C67C19D6}.Debug|x64.ActiveCfg = Debug|Any CPU
		{7F92C174-5310-4090-A6A3-3CC7C67C19D6}.Debug|x64.Build.0 = Debug|Any CPU
		{7F92C174-5310-4090-A6A3-3CC7C67C19D6}.Debug|x86.ActiveCfg = Debug|Any CPU
		{7F92C174-5310-4090-A6A3-3CC7C67C19D6}.Debug|x86.Build.0 = Debug|Any CPU
		{7F92C174-5310-4090-A6A3-3CC7C67C19D6}.Release|Any CPU.ActiveCfg = Release|Any CPU
		{7F92C174-5310-4090-A6A3-3CC7C67C19D6}.Release|Any CPU.Build.0 = Release|Any CPU
		{7F92C174-5310-4090-A6A3-3CC7C67C19D6}.Release|x64.ActiveCfg = Release|Any CPU
		{7F92C174-5310-4090-A6A3-3CC7C67C19D6}.Release|x64.Build.0 = Release|Any CPU
		{7F92C174-5310-4090-A6A3-3CC7C67C19D6}.Release|x86.ActiveCfg = Release|Any CPU
		{7F92C174-5310-4090-A6A3-3CC7C67C19D6}.Release|x86.Build.0 = Release|Any CPU
		{4405C24C-7F57-4826-831F-D5D7E139F02E}.Debug|Any CPU.ActiveCfg = Debug|Any CPU
		{4405C24C-7F57-4826-831F-D5D7E139F02E}.Debug|Any CPU.Build.0 = Debug|Any CPU
		{4405C24C-7F57-4826-831F-D5D7E139F02E}.Debug|x64.ActiveCfg = Debug|Any CPU
		{4405C24C-7F57-4826-831F-D5D7E139F02E}.Debug|x64.Build.0 = Debug|Any CPU
		{4405C24C-7F57-4826-831F-D5D7E139F02E}.Debug|x86.ActiveCfg = Debug|Any CPU
		{4405C24C-7F57-4826-831F-D5D7E139F02E}.Debug|x86.Build.0 = Debug|Any CPU
		{4405C24C-7F57-4826-831F-D5D7E139F02E}.Release|Any CPU.ActiveCfg = Release|Any CPU
		{4405C24C-7F57-4826-831F-D5D7E139F02E}.Release|Any CPU.Build.0 = Release|Any CPU
		{4405C24C-7F57-4826-831F-D5D7E139F02E}.Release|x64.ActiveCfg = Release|Any CPU
		{4405C24C-7F57-4826-831F-D5D7E139F02E}.Release|x64.Build.0 = Release|Any CPU
		{4405C24C-7F57-4826-831F-D5D7E139F02E}.Release|x86.ActiveCfg = Release|Any CPU
		{4405C24C-7F57-4826-831F-D5D7E139F02E}.Release|x86.Build.0 = Release|Any CPU
		{1D0164B6-92D4-455A-AC68-C30B61733748}.Debug|Any CPU.ActiveCfg = Debug|Any CPU
		{1D0164B6-92D4-455A-AC68-C30B61733748}.Debug|Any CPU.Build.0 = Debug|Any CPU
		{1D0164B6-92D4-455A-AC68-C30B61733748}.Debug|x64.ActiveCfg = Debug|Any CPU
		{1D0164B6-92D4-455A-AC68-C30B61733748}.Debug|x64.Build.0 = Debug|Any CPU
		{1D0164B6-92D4-455A-AC68-C30B61733748}.Debug|x86.ActiveCfg = Debug|Any CPU
		{1D0164B6-92D4-455A-AC68-C30B61733748}.Debug|x86.Build.0 = Debug|Any CPU
		{1D0164B6-92D4-455A-AC68-C30B61733748}.Release|Any CPU.ActiveCfg = Release|Any CPU
		{1D0164B6-92D4-455A-AC68-C30B61733748}.Release|Any CPU.Build.0 = Release|Any CPU
		{1D0164B6-92D4-455A-AC68-C30B61733748}.Release|x64.ActiveCfg = Release|Any CPU
		{1D0164B6-92D4-455A-AC68-C30B61733748}.Release|x64.Build.0 = Release|Any CPU
		{1D0164B6-92D4-455A-AC68-C30B61733748}.Release|x86.ActiveCfg = Release|Any CPU
		{1D0164B6-92D4-455A-AC68-C30B61733748}.Release|x86.Build.0 = Release|Any CPU
		{19324B97-1C22-49E2-8C1A-E4EAB682A974}.Debug|Any CPU.ActiveCfg = Debug|Any CPU
		{19324B97-1C22-49E2-8C1A-E4EAB682A974}.Debug|Any CPU.Build.0 = Debug|Any CPU
		{19324B97-1C22-49E2-8C1A-E4EAB682A974}.Debug|x64.ActiveCfg = Debug|Any CPU
		{19324B97-1C22-49E2-8C1A-E4EAB682A974}.Debug|x64.Build.0 = Debug|Any CPU
		{19324B97-1C22-49E2-8C1A-E4EAB682A974}.Debug|x86.ActiveCfg = Debug|Any CPU
		{19324B97-1C22-49E2-8C1A-E4EAB682A974}.Debug|x86.Build.0 = Debug|Any CPU
		{19324B97-1C22-49E2-8C1A-E4EAB682A974}.Release|Any CPU.ActiveCfg = Release|Any CPU
		{19324B97-1C22-49E2-8C1A-E4EAB682A974}.Release|Any CPU.Build.0 = Release|Any CPU
		{19324B97-1C22-49E2-8C1A-E4EAB682A974}.Release|x64.ActiveCfg = Release|Any CPU
		{19324B97-1C22-49E2-8C1A-E4EAB682A974}.Release|x64.Build.0 = Release|Any CPU
		{19324B97-1C22-49E2-8C1A-E4EAB682A974}.Release|x86.ActiveCfg = Release|Any CPU
		{19324B97-1C22-49E2-8C1A-E4EAB682A974}.Release|x86.Build.0 = Release|Any CPU
		{3BE823F7-53AA-4263-A953-06BF643F0E43}.Debug|Any CPU.ActiveCfg = Debug|Any CPU
		{3BE823F7-53AA-4263-A953-06BF643F0E43}.Debug|Any CPU.Build.0 = Debug|Any CPU
		{3BE823F7-53AA-4263-A953-06BF643F0E43}.Debug|x64.ActiveCfg = Debug|Any CPU
		{3BE823F7-53AA-4263-A953-06BF643F0E43}.Debug|x64.Build.0 = Debug|Any CPU
		{3BE823F7-53AA-4263-A953-06BF643F0E43}.Debug|x86.ActiveCfg = Debug|Any CPU
		{3BE823F7-53AA-4263-A953-06BF643F0E43}.Debug|x86.Build.0 = Debug|Any CPU
		{3BE823F7-53AA-4263-A953-06BF643F0E43}.Release|Any CPU.ActiveCfg = Release|Any CPU
		{3BE823F7-53AA-4263-A953-06BF643F0E43}.Release|Any CPU.Build.0 = Release|Any CPU
		{3BE823F7-53AA-4263-A953-06BF643F0E43}.Release|x64.ActiveCfg = Release|Any CPU
		{3BE823F7-53AA-4263-A953-06BF643F0E43}.Release|x64.Build.0 = Release|Any CPU
		{3BE823F7-53AA-4263-A953-06BF643F0E43}.Release|x86.ActiveCfg = Release|Any CPU
		{3BE823F7-53AA-4263-A953-06BF643F0E43}.Release|x86.Build.0 = Release|Any CPU
		{9752C50D-2DDE-4DC3-8A06-A01EC68FEDC0}.Debug|Any CPU.ActiveCfg = Debug|Any CPU
		{9752C50D-2DDE-4DC3-8A06-A01EC68FEDC0}.Debug|Any CPU.Build.0 = Debug|Any CPU
		{9752C50D-2DDE-4DC3-8A06-A01EC68FEDC0}.Debug|x64.ActiveCfg = Debug|Any CPU
		{9752C50D-2DDE-4DC3-8A06-A01EC68FEDC0}.Debug|x64.Build.0 = Debug|Any CPU
		{9752C50D-2DDE-4DC3-8A06-A01EC68FEDC0}.Debug|x86.ActiveCfg = Debug|Any CPU
		{9752C50D-2DDE-4DC3-8A06-A01EC68FEDC0}.Debug|x86.Build.0 = Debug|Any CPU
		{9752C50D-2DDE-4DC3-8A06-A01EC68FEDC0}.Release|Any CPU.ActiveCfg = Release|Any CPU
		{9752C50D-2DDE-4DC3-8A06-A01EC68FEDC0}.Release|Any CPU.Build.0 = Release|Any CPU
		{9752C50D-2DDE-4DC3-8A06-A01EC68FEDC0}.Release|x64.ActiveCfg = Release|Any CPU
		{9752C50D-2DDE-4DC3-8A06-A01EC68FEDC0}.Release|x64.Build.0 = Release|Any CPU
		{9752C50D-2DDE-4DC3-8A06-A01EC68FEDC0}.Release|x86.ActiveCfg = Release|Any CPU
		{9752C50D-2DDE-4DC3-8A06-A01EC68FEDC0}.Release|x86.Build.0 = Release|Any CPU
		{FDFE3B54-1587-4AD2-BED6-7F2A38F906BA}.Debug|Any CPU.ActiveCfg = Debug|Any CPU
		{FDFE3B54-1587-4AD2-BED6-7F2A38F906BA}.Debug|Any CPU.Build.0 = Debug|Any CPU
		{FDFE3B54-1587-4AD2-BED6-7F2A38F906BA}.Debug|x64.ActiveCfg = Debug|Any CPU
		{FDFE3B54-1587-4AD2-BED6-7F2A38F906BA}.Debug|x86.ActiveCfg = Debug|Any CPU
		{FDFE3B54-1587-4AD2-BED6-7F2A38F906BA}.Release|Any CPU.ActiveCfg = Release|Any CPU
		{FDFE3B54-1587-4AD2-BED6-7F2A38F906BA}.Release|Any CPU.Build.0 = Release|Any CPU
		{FDFE3B54-1587-4AD2-BED6-7F2A38F906BA}.Release|x64.ActiveCfg = Release|Any CPU
		{FDFE3B54-1587-4AD2-BED6-7F2A38F906BA}.Release|x86.ActiveCfg = Release|Any CPU
		{B96D3CE6-7017-4CA9-9925-27D91B7C607C}.Debug|Any CPU.ActiveCfg = Debug|Any CPU
		{B96D3CE6-7017-4CA9-9925-27D91B7C607C}.Debug|Any CPU.Build.0 = Debug|Any CPU
		{B96D3CE6-7017-4CA9-9925-27D91B7C607C}.Debug|Any CPU.Deploy.0 = Debug|Any CPU
		{B96D3CE6-7017-4CA9-9925-27D91B7C607C}.Debug|x64.ActiveCfg = Debug|Any CPU
		{B96D3CE6-7017-4CA9-9925-27D91B7C607C}.Debug|x86.ActiveCfg = Debug|Any CPU
		{B96D3CE6-7017-4CA9-9925-27D91B7C607C}.Release|Any CPU.ActiveCfg = Release|Any CPU
		{B96D3CE6-7017-4CA9-9925-27D91B7C607C}.Release|Any CPU.Build.0 = Release|Any CPU
		{B96D3CE6-7017-4CA9-9925-27D91B7C607C}.Release|Any CPU.Deploy.0 = Release|Any CPU
		{B96D3CE6-7017-4CA9-9925-27D91B7C607C}.Release|x64.ActiveCfg = Release|Any CPU
		{B96D3CE6-7017-4CA9-9925-27D91B7C607C}.Release|x86.ActiveCfg = Release|Any CPU
	EndGlobalSection
	GlobalSection(SolutionProperties) = preSolution
		HideSolutionNode = FALSE
	EndGlobalSection
	GlobalSection(NestedProjects) = preSolution
		{A8B0845E-CF36-4ADB-B641-CA8542202878} = {69E0B03C-B1FE-47E2-BFFD-5B9474BED386}
		{7F92C174-5310-4090-A6A3-3CC7C67C19D6} = {69E0B03C-B1FE-47E2-BFFD-5B9474BED386}
		{4405C24C-7F57-4826-831F-D5D7E139F02E} = {69E0B03C-B1FE-47E2-BFFD-5B9474BED386}
		{1D0164B6-92D4-455A-AC68-C30B61733748} = {69E0B03C-B1FE-47E2-BFFD-5B9474BED386}
		{19324B97-1C22-49E2-8C1A-E4EAB682A974} = {69E0B03C-B1FE-47E2-BFFD-5B9474BED386}
		{B96D3CE6-7017-4CA9-9925-27D91B7C607C} = {1A52CBEE-2B81-4E59-A51F-481DDE07FC15}
	EndGlobalSection
EndGlobal
